
Microsoft Visual Studio Solution File, Format Version 12.00
# Visual Studio Version 17
VisualStudioVersion = 17.0.31903.59
MinimumVisualStudioVersion = 10.0.40219.1
Project("{FAE04EC0-301F-11D3-BF4B-00C04F79EFBC}") = "DotnetProject", "src\DotnetProject.csproj", "{2DA51A24-3712-4B78-A331-03FC36C2F18F}"
EndProject
Project("{FAE04EC0-301F-11D3-BF4B-00C04F79EFBC}") = "tests", "test\tests.csproj", "{0904292B-53D3-4B52-A1EC-AC686100E2E0}"
EndProject
Global
	GlobalSection(SolutionConfigurationPlatforms) = preSolution
		Debug|Any CPU = Debug|Any CPU
		Release|Any CPU = Release|Any CPU
	EndGlobalSection
	GlobalSection(ProjectConfigurationPlatforms) = postSolution
		{2DA51A24-3712-4B78-A331-03FC36C2F18F}.Debug|Any CPU.ActiveCfg = Debug|Any CPU
		{2DA51A24-3712-4B78-A331-03FC36C2F18F}.Debug|Any CPU.Build.0 = Debug|Any CPU
		{2DA51A24-3712-4B78-A331-03FC36C2F18F}.Release|Any CPU.ActiveCfg = Release|Any CPU
		{2DA51A24-3712-4B78-A331-03FC36C2F18F}.Release|Any CPU.Build.0 = Release|Any CPU
		{0904292B-53D3-4B52-A1EC-AC686100E2E0}.Debug|Any CPU.ActiveCfg = Debug|Any CPU
		{0904292B-53D3-4B52-A1EC-AC686100E2E0}.Debug|Any CPU.Build.0 = Debug|Any CPU
		{0904292B-53D3-4B52-A1EC-AC686100E2E0}.Release|Any CPU.ActiveCfg = Release|Any CPU
		{0904292B-53D3-4B52-A1EC-AC686100E2E0}.Release|Any CPU.Build.0 = Release|Any CPU
	EndGlobalSection
	GlobalSection(SolutionProperties) = preSolution
		HideSolutionNode = FALSE
	EndGlobalSection
EndGlobal
